
Microsoft Visual Studio Solution File, Format Version 12.00
# Visual Studio 2013
VisualStudioVersion = 12.0.40629.0
MinimumVisualStudioVersion = 10.0.40219.1
Project("{FAE04EC0-301F-11D3-BF4B-00C04F79EFBC}") = "RDD.Infra", "RDD.Core.Infra\RDD.Infra.csproj", "{89444142-9C67-4E79-9261-63C1090699D1}"
EndProject
Project("{FAE04EC0-301F-11D3-BF4B-00C04F79EFBC}") = "RDD.Domain", "RDD.Domain\RDD.Domain.csproj", "{1254E6CB-E65C-44E5-B5BF-4F34E3AF6643}"
EndProject
Project("{FAE04EC0-301F-11D3-BF4B-00C04F79EFBC}") = "RDD.Web", "Web\RDD.Web\RDD.Web.csproj", "{D90EB158-4F1E-4A3E-8444-179185FBE4E2}"
EndProject
Project("{FAE04EC0-301F-11D3-BF4B-00C04F79EFBC}") = "RDD.Domain.Tests", "Domain\RDD.Domain.Tests\RDD.Domain.Tests.csproj", "{F9D5C055-3C29-46AE-8B5B-B38FD94631AB}"
EndProject
Project("{FAE04EC0-301F-11D3-BF4B-00C04F79EFBC}") = "RDD.Infra.Tests", "RDD.Infra.Tests\RDD.Infra.Tests.csproj", "{25461E71-7E9B-47BA-8018-418F58BBBFAC}"
EndProject
Global
	GlobalSection(SolutionConfigurationPlatforms) = preSolution
		Debug|Any CPU = Debug|Any CPU
		Release|Any CPU = Release|Any CPU
	EndGlobalSection
	GlobalSection(ProjectConfigurationPlatforms) = postSolution
		{89444142-9C67-4E79-9261-63C1090699D1}.Debug|Any CPU.ActiveCfg = Debug|Any CPU
		{89444142-9C67-4E79-9261-63C1090699D1}.Debug|Any CPU.Build.0 = Debug|Any CPU
		{89444142-9C67-4E79-9261-63C1090699D1}.Release|Any CPU.ActiveCfg = Release|Any CPU
		{89444142-9C67-4E79-9261-63C1090699D1}.Release|Any CPU.Build.0 = Release|Any CPU
		{1254E6CB-E65C-44E5-B5BF-4F34E3AF6643}.Debug|Any CPU.ActiveCfg = Debug|Any CPU
		{1254E6CB-E65C-44E5-B5BF-4F34E3AF6643}.Debug|Any CPU.Build.0 = Debug|Any CPU
		{1254E6CB-E65C-44E5-B5BF-4F34E3AF6643}.Release|Any CPU.ActiveCfg = Release|Any CPU
		{1254E6CB-E65C-44E5-B5BF-4F34E3AF6643}.Release|Any CPU.Build.0 = Release|Any CPU
		{D90EB158-4F1E-4A3E-8444-179185FBE4E2}.Debug|Any CPU.ActiveCfg = Debug|Any CPU
		{D90EB158-4F1E-4A3E-8444-179185FBE4E2}.Debug|Any CPU.Build.0 = Debug|Any CPU
		{D90EB158-4F1E-4A3E-8444-179185FBE4E2}.Release|Any CPU.ActiveCfg = Release|Any CPU
		{D90EB158-4F1E-4A3E-8444-179185FBE4E2}.Release|Any CPU.Build.0 = Release|Any CPU
		{F9D5C055-3C29-46AE-8B5B-B38FD94631AB}.Debug|Any CPU.ActiveCfg = Debug|Any CPU
		{F9D5C055-3C29-46AE-8B5B-B38FD94631AB}.Debug|Any CPU.Build.0 = Debug|Any CPU
		{F9D5C055-3C29-46AE-8B5B-B38FD94631AB}.Release|Any CPU.ActiveCfg = Release|Any CPU
		{F9D5C055-3C29-46AE-8B5B-B38FD94631AB}.Release|Any CPU.Build.0 = Release|Any CPU
		{25461E71-7E9B-47BA-8018-418F58BBBFAC}.Debug|Any CPU.ActiveCfg = Debug|Any CPU
		{25461E71-7E9B-47BA-8018-418F58BBBFAC}.Debug|Any CPU.Build.0 = Debug|Any CPU
		{25461E71-7E9B-47BA-8018-418F58BBBFAC}.Release|Any CPU.ActiveCfg = Release|Any CPU
		{25461E71-7E9B-47BA-8018-418F58BBBFAC}.Release|Any CPU.Build.0 = Release|Any CPU
	EndGlobalSection
	GlobalSection(SolutionProperties) = preSolution
		HideSolutionNode = FALSE
	EndGlobalSection
EndGlobal
